{
  "nodes": {
    "crane": {
      "locked": {
        "lastModified": 1730652660,
        "narHash": "sha256-+XVYfmVXAiYA0FZT7ijHf555dxCe+AoAT5A6RU+6vSo=",
        "owner": "ipetkov",
        "repo": "crane",
        "rev": "a4ca93905455c07cb7e3aca95d4faf7601cba458",
        "type": "github"
      },
      "original": {
        "owner": "ipetkov",
        "repo": "crane",
        "type": "github"
      }
    },
    "flake-utils": {
      "inputs": {
        "systems": "systems"
      },
      "locked": {
        "lastModified": 1726560853,
        "narHash": "sha256-X6rJYSESBVr3hBoH0WbKE5KvhPU5bloyZ2L4K60/fPQ=",
        "owner": "numtide",
        "repo": "flake-utils",
        "rev": "c1dfcf08411b08f6b8615f7d8971a2bfa81d5e8a",
        "type": "github"
      },
      "original": {
        "owner": "numtide",
        "repo": "flake-utils",
        "type": "github"
      }
    },
    "nixpkgs": {
      "locked": {
        "lastModified": 1730327045,
        "narHash": "sha256-xKel5kd1AbExymxoIfQ7pgcX6hjw9jCgbiBjiUfSVJ8=",
        "owner": "NixOS",
        "repo": "nixpkgs",
        "rev": "080166c15633801df010977d9d7474b4a6c549d7",
        "type": "github"
      },
      "original": {
        "id": "nixpkgs",
        "ref": "nixos-24.05",
        "type": "indirect"
      }
    },
    "nixpkgs-bindgen-95": {
      "locked": {
        "lastModified": 1730643484,
        "narHash": "sha256-FZN70acnL7V0gfmtLTdsi4J1o51bfaBYDTi3E7b7z3U=",
        "owner": "NixOS",
        "repo": "nixpkgs",
        "rev": "4ae2e647537bcdbb82265469442713d066675275",
        "type": "github"
      },
      "original": {
        "id": "nixpkgs",
        "rev": "4ae2e647537bcdbb82265469442713d066675275",
        "type": "indirect"
      }
    },
    "root": {
      "inputs": {
        "crane": "crane",
        "flake-utils": "flake-utils",
        "nixpkgs": "nixpkgs",
        "uwgpu": "uwgpu",
        "website": "website"
      }
    },
    "rust-overlay": {
      "inputs": {
        "nixpkgs": [
          "uwgpu",
          "nixpkgs"
        ]
      },
      "locked": {
        "lastModified": 1730341826,
        "narHash": "sha256-RFaeY7EWzXOmAL2IQEACbnrEza3TgD5UQApHR4hGHhY=",
        "owner": "oxalica",
        "repo": "rust-overlay",
        "rev": "815d1b3ee71716fc91a7bd149801e1f04d45fbc5",
        "type": "github"
      },
      "original": {
        "owner": "oxalica",
        "repo": "rust-overlay",
        "type": "github"
      }
    },
    "rust-overlay_2": {
      "inputs": {
        "nixpkgs": [
          "website",
          "nixpkgs"
        ]
      },
      "locked": {
        "lastModified": 1730514457,
        "narHash": "sha256-cjFX208s9pyaOfMvF9xI6WyafyXINqdhMF7b1bMQpLI=",
        "owner": "oxalica",
        "repo": "rust-overlay",
        "rev": "1ff38ca26eb31858e4dfe7fe738b6b3ce5d74922",
        "type": "github"
      },
      "original": {
        "owner": "oxalica",
        "repo": "rust-overlay",
        "type": "github"
      }
    },
    "systems": {
      "locked": {
        "lastModified": 1681028828,
        "narHash": "sha256-Vy1rq5AaRuLzOxct8nz4T6wlgyUR7zLU309k9mBC768=",
        "owner": "nix-systems",
        "repo": "default",
        "rev": "da67096a3b9bf56a91d16901293e51ba5b49a27e",
        "type": "github"
      },
      "original": {
        "owner": "nix-systems",
        "repo": "default",
        "type": "github"
      }
    },
    "uwgpu": {
      "inputs": {
        "crane": [
          "crane"
        ],
        "flake-utils": [
          "flake-utils"
        ],
        "nixpkgs": [
          "nixpkgs"
        ],
        "nixpkgs-bindgen-95": "nixpkgs-bindgen-95",
        "rust-overlay": "rust-overlay"
      },
      "locked": {
        "lastModified": 1731714597,
        "narHash": "sha256-gBzhzlA7AAXZ3u0gIbsdpfksai0d9fLOuPifi7WfEVE=",
        "owner": "zkwinkle",
        "repo": "uwgpu",
        "rev": "62e70d1da8474b626902565bafe467141c636d66",
        "type": "github"
      },
      "original": {
        "owner": "zkwinkle",
        "repo": "uwgpu",
        "type": "github"
      }
    },
    "website": {
      "inputs": {
        "crane": [
          "crane"
        ],
        "flake-utils": [
          "flake-utils"
        ],
        "nixpkgs": [
          "nixpkgs"
        ],
        "rust-overlay": "rust-overlay_2"
      },
      "locked": {
        "lastModified": 1731619261,
        "narHash": "sha256-t2rlNMZ4jy5xFa0UGjnkfQwuWgJIjjNw8UlBFHn6i1I=",
        "owner": "zkwinkle",
        "repo": "website",
        "rev": "1c26846db7ff47849d9ec8d3dccc8bb14fc5eb01",
        "type": "github"
      },
      "original": {
        "owner": "zkwinkle",
        "repo": "website",
        "type": "github"
      }
    }
  },
  "root": "root",
  "version": 7
}
